
Microsoft Visual Studio Solution File, Format Version 12.00
# Visual Studio Version 17
VisualStudioVersion = 17.3.32819.101
MinimumVisualStudioVersion = 10.0.40219.1
Project("{FAE04EC0-301F-11D3-BF4B-00C04F79EFBC}") = "DataStructures", "DataStructures\DataStructures.csproj", "{14788645-6F6B-433E-9C58-664EECCD8815}"
EndProject
Project("{FAE04EC0-301F-11D3-BF4B-00C04F79EFBC}") = "Heap", "Heap\Heap.csproj", "{36125DBF-2DFC-4DA4-89F4-91C505E165B2}"
EndProject
Project("{FAE04EC0-301F-11D3-BF4B-00C04F79EFBC}") = "CommonDataStructures", "CommonDataStructures\CommonDataStructures.csproj", "{CF4E1964-F897-4953-B1B9-96019A0131DD}"
EndProject
Project("{FAE04EC0-301F-11D3-BF4B-00C04F79EFBC}") = "BinarySearchTrees", "BinarySearchTrees\BinarySearchTrees.csproj", "{CC66DB43-F7B8-452E-AD64-DEFA0B6359A1}"
EndProject
Global
	GlobalSection(SolutionConfigurationPlatforms) = preSolution
		Debug|Any CPU = Debug|Any CPU
		Release|Any CPU = Release|Any CPU
	EndGlobalSection
	GlobalSection(ProjectConfigurationPlatforms) = postSolution
		{14788645-6F6B-433E-9C58-664EECCD8815}.Debug|Any CPU.ActiveCfg = Debug|Any CPU
		{14788645-6F6B-433E-9C58-664EECCD8815}.Debug|Any CPU.Build.0 = Debug|Any CPU
		{14788645-6F6B-433E-9C58-664EECCD8815}.Release|Any CPU.ActiveCfg = Release|Any CPU
		{14788645-6F6B-433E-9C58-664EECCD8815}.Release|Any CPU.Build.0 = Release|Any CPU
		{36125DBF-2DFC-4DA4-89F4-91C505E165B2}.Debug|Any CPU.ActiveCfg = Debug|Any CPU
		{36125DBF-2DFC-4DA4-89F4-91C505E165B2}.Debug|Any CPU.Build.0 = Debug|Any CPU
		{36125DBF-2DFC-4DA4-89F4-91C505E165B2}.Release|Any CPU.ActiveCfg = Release|Any CPU
		{36125DBF-2DFC-4DA4-89F4-91C505E165B2}.Release|Any CPU.Build.0 = Release|Any CPU
		{CF4E1964-F897-4953-B1B9-96019A0131DD}.Debug|Any CPU.ActiveCfg = Debug|Any CPU
		{CF4E1964-F897-4953-B1B9-96019A0131DD}.Debug|Any CPU.Build.0 = Debug|Any CPU
		{CF4E1964-F897-4953-B1B9-96019A0131DD}.Release|Any CPU.ActiveCfg = Release|Any CPU
		{CF4E1964-F897-4953-B1B9-96019A0131DD}.Release|Any CPU.Build.0 = Release|Any CPU
		{CC66DB43-F7B8-452E-AD64-DEFA0B6359A1}.Debug|Any CPU.ActiveCfg = Debug|Any CPU
		{CC66DB43-F7B8-452E-AD64-DEFA0B6359A1}.Debug|Any CPU.Build.0 = Debug|Any CPU
		{CC66DB43-F7B8-452E-AD64-DEFA0B6359A1}.Release|Any CPU.ActiveCfg = Release|Any CPU
		{CC66DB43-F7B8-452E-AD64-DEFA0B6359A1}.Release|Any CPU.Build.0 = Release|Any CPU
	EndGlobalSection
	GlobalSection(SolutionProperties) = preSolution
		HideSolutionNode = FALSE
	EndGlobalSection
	GlobalSection(ExtensibilityGlobals) = postSolution
		SolutionGuid = {12FD9178-93A8-4C83-91E0-D8CC88074514}
	EndGlobalSection
EndGlobal
