
Microsoft Visual Studio Solution File, Format Version 12.00
# Visual Studio Version 17
VisualStudioVersion = 17.3.32819.101
MinimumVisualStudioVersion = 10.0.40219.1
Project("{FAE04EC0-301F-11D3-BF4B-00C04F79EFBC}") = "01.Loader", "01.Loader\01.Loader.csproj", "{34DD9583-1FEE-45E3-963D-D49C33FC3B0F}"
EndProject
Global
	GlobalSection(SolutionConfigurationPlatforms) = preSolution
		Debug|Any CPU = Debug|Any CPU
		Release|Any CPU = Release|Any CPU
	EndGlobalSection
	GlobalSection(ProjectConfigurationPlatforms) = postSolution
		{34DD9583-1FEE-45E3-963D-D49C33FC3B0F}.Debug|Any CPU.ActiveCfg = Debug|Any CPU
		{34DD9583-1FEE-45E3-963D-D49C33FC3B0F}.Debug|Any CPU.Build.0 = Debug|Any CPU
		{34DD9583-1FEE-45E3-963D-D49C33FC3B0F}.Release|Any CPU.ActiveCfg = Release|Any CPU
		{34DD9583-1FEE-45E3-963D-D49C33FC3B0F}.Release|Any CPU.Build.0 = Release|Any CPU
	EndGlobalSection
	GlobalSection(SolutionProperties) = preSolution
		HideSolutionNode = FALSE
	EndGlobalSection
	GlobalSection(ExtensibilityGlobals) = postSolution
		SolutionGuid = {2A97F518-93B3-4425-B4A6-7F0BFBB211C1}
	EndGlobalSection
EndGlobal
